// !$*UTF8*$!
{
	archiveVersion = 1;
	classes = {
	};
	objectVersion = 46;
	objects = {

/* Begin PBXBuildFile section */
		8E2A799A1E598D4200B85F9E /* main.c in Sources */ = {isa = PBXBuildFile; fileRef = 8E2A79991E598D4200B85F9E /* main.c */; };
		8E2A79A41E599A7E00B85F9E /* sto_sqe.c in Sources */ = {isa = PBXBuildFile; fileRef = 8E2A79A21E599A7E00B85F9E /* sto_sqe.c */; };
		8E2A79A81E5B265A00B85F9E /* sto_link.c in Sources */ = {isa = PBXBuildFile; fileRef = 8E2A79A61E5B265A00B85F9E /* sto_link.c */; };
/* End PBXBuildFile section */

/* Begin PBXCopyFilesBuildPhase section */
		8E2A79941E598D4200B85F9E /* CopyFiles */ = {
			isa = PBXCopyFilesBuildPhase;
			buildActionMask = 2147483647;
			dstPath = /usr/share/man/man1/;
			dstSubfolderSpec = 0;
			files = (
			);
			runOnlyForDeploymentPostprocessing = 1;
		};
/* End PBXCopyFilesBuildPhase section */

/* Begin PBXFileReference section */
		8E2A79961E598D4200B85F9E /* DataStruct */ = {isa = PBXFileReference; explicitFileType = "compiled.mach-o.executable"; includeInIndex = 0; path = DataStruct; sourceTree = BUILT_PRODUCTS_DIR; };
		8E2A79991E598D4200B85F9E /* main.c */ = {isa = PBXFileReference; lastKnownFileType = sourcecode.c.c; path = main.c; sourceTree = "<group>"; };
		8E2A79A21E599A7E00B85F9E /* sto_sqe.c */ = {isa = PBXFileReference; fileEncoding = 4; lastKnownFileType = sourcecode.c.c; path = sto_sqe.c; sourceTree = "<group>"; };
		8E2A79A31E599A7E00B85F9E /* sto_sqe.h */ = {isa = PBXFileReference; fileEncoding = 4; lastKnownFileType = sourcecode.c.h; path = sto_sqe.h; sourceTree = "<group>"; };
		8E2A79A61E5B265A00B85F9E /* sto_link.c */ = {isa = PBXFileReference; fileEncoding = 4; lastKnownFileType = sourcecode.c.c; path = sto_link.c; sourceTree = "<group>"; };
		8E2A79A71E5B265A00B85F9E /* sto_link.h */ = {isa = PBXFileReference; fileEncoding = 4; lastKnownFileType = sourcecode.c.h; path = sto_link.h; sourceTree = "<group>"; };
/* End PBXFileReference section */

/* Begin PBXFrameworksBuildPhase section */
		8E2A79931E598D4200B85F9E /* Frameworks */ = {
			isa = PBXFrameworksBuildPhase;
			buildActionMask = 2147483647;
			files = (
			);
			runOnlyForDeploymentPostprocessing = 0;
		};
/* End PBXFrameworksBuildPhase section */

/* Begin PBXGroup section */
		8E2A798D1E598D4200B85F9E = {
			isa = PBXGroup;
			children = (
				8E2A79981E598D4200B85F9E /* DataStruct */,
				8E2A79971E598D4200B85F9E /* Products */,
			);
			sourceTree = "<group>";
		};
		8E2A79971E598D4200B85F9E /* Products */ = {
			isa = PBXGroup;
			children = (
				8E2A79961E598D4200B85F9E /* DataStruct */,
			);
			name = Products;
			sourceTree = "<group>";
		};
		8E2A79981E598D4200B85F9E /* DataStruct */ = {
			isa = PBXGroup;
			children = (
				8E2A79991E598D4200B85F9E /* main.c */,
				8E2A79A01E59977B00B85F9E /* 线性表 */,
			);
			path = DataStruct;
			sourceTree = "<group>";
		};
		8E2A79A01E59977B00B85F9E /* 线性表 */ = {
			isa = PBXGroup;
			children = (
				8E2A79A51E5B261300B85F9E /* 链式存储结构 */,
				8E2A79A11E5997CC00B85F9E /* 顺序存储结构 */,
			);
			path = "线性表";
			sourceTree = "<group>";
		};
		8E2A79A11E5997CC00B85F9E /* 顺序存储结构 */ = {
			isa = PBXGroup;
			children = (
				8E2A79A31E599A7E00B85F9E /* sto_sqe.h */,
				8E2A79A21E599A7E00B85F9E /* sto_sqe.c */,
			);
			path = "顺序存储结构";
			sourceTree = "<group>";
		};
		8E2A79A51E5B261300B85F9E /* 链式存储结构 */ = {
			isa = PBXGroup;
			children = (
				8E2A79A61E5B265A00B85F9E /* sto_link.c */,
				8E2A79A71E5B265A00B85F9E /* sto_link.h */,
			);
			path = "链式存储结构";
			sourceTree = "<group>";
		};
/* End PBXGroup section */

/* Begin PBXNativeTarget section */
		8E2A79951E598D4200B85F9E /* DataStruct */ = {
			isa = PBXNativeTarget;
			buildConfigurationList = 8E2A799D1E598D4200B85F9E /* Build configuration list for PBXNativeTarget "DataStruct" */;
			buildPhases = (
				8E2A79921E598D4200B85F9E /* Sources */,
				8E2A79931E598D4200B85F9E /* Frameworks */,
				8E2A79941E598D4200B85F9E /* CopyFiles */,
			);
			buildRules = (
			);
			dependencies = (
			);
			name = DataStruct;
			productName = DataStruct;
			productReference = 8E2A79961E598D4200B85F9E /* DataStruct */;
			productType = "com.apple.product-type.tool";
		};
/* End PBXNativeTarget section */

/* Begin PBXProject section */
		8E2A798E1E598D4200B85F9E /* Project object */ = {
			isa = PBXProject;
			attributes = {
				LastUpgradeCheck = 0800;
				ORGANIZATIONNAME = Beelin;
				TargetAttributes = {
					8E2A79951E598D4200B85F9E = {
						CreatedOnToolsVersion = 8.0;
						ProvisioningStyle = Automatic;
					};
				};
			};
			buildConfigurationList = 8E2A79911E598D4200B85F9E /* Build configuration list for PBXProject "DataStruct" */;
			compatibilityVersion = "Xcode 3.2";
			developmentRegion = English;
			hasScannedForEncodings = 0;
			knownRegions = (
				en,
			);
			mainGroup = 8E2A798D1E598D4200B85F9E;
			productRefGroup = 8E2A79971E598D4200B85F9E /* Products */;
			projectDirPath = "";
			projectRoot = "";
			targets = (
				8E2A79951E598D4200B85F9E /* DataStruct */,
			);
		};
/* End PBXProject section */

/* Begin PBXSourcesBuildPhase section */
		8E2A79921E598D4200B85F9E /* Sources */ = {
			isa = PBXSourcesBuildPhase;
			buildActionMask = 2147483647;
			files = (
				8E2A79A41E599A7E00B85F9E /* sto_sqe.c in Sources */,
				8E2A799A1E598D4200B85F9E /* main.c in Sources */,
				8E2A79A81E5B265A00B85F9E /* sto_link.c in Sources */,
			);
			runOnlyForDeploymentPostprocessing = 0;
		};
/* End PBXSourcesBuildPhase section */

/* Begin XCBuildConfiguration section */
		8E2A799B1E598D4200B85F9E /* Debug */ = {
			isa = XCBuildConfiguration;
			buildSettings = {
				ALWAYS_SEARCH_USER_PATHS = NO;
				CLANG_ANALYZER_NONNULL = YES;
				CLANG_CXX_LANGUAGE_STANDARD = "gnu++0x";
				CLANG_CXX_LIBRARY = "libc++";
				CLANG_ENABLE_MODULES = YES;
				CLANG_ENABLE_OBJC_ARC = YES;
				CLANG_WARN_BOOL_CONVERSION = YES;
				CLANG_WARN_CONSTANT_CONVERSION = YES;
				CLANG_WARN_DIRECT_OBJC_ISA_USAGE = YES_ERROR;
				CLANG_WARN_DOCUMENTATION_COMMENTS = YES;
				CLANG_WARN_EMPTY_BODY = YES;
				CLANG_WARN_ENUM_CONVERSION = YES;
				CLANG_WARN_INFINITE_RECURSION = YES;
				CLANG_WARN_INT_CONVERSION = YES;
				CLANG_WARN_OBJC_ROOT_CLASS = YES_ERROR;
				CLANG_WARN_SUSPICIOUS_MOVES = YES;
				CLANG_WARN_UNREACHABLE_CODE = YES;
				CLANG_WARN__DUPLICATE_METHOD_MATCH = YES;
				CODE_SIGN_IDENTITY = "-";
				COPY_PHASE_STRIP = NO;
				DEBUG_INFORMATION_FORMAT = dwarf;
				ENABLE_STRICT_OBJC_MSGSEND = YES;
				ENABLE_TESTABILITY = YES;
				GCC_C_LANGUAGE_STANDARD = gnu99;
				GCC_DYNAMIC_NO_PIC = NO;
				GCC_NO_COMMON_BLOCKS = YES;
				GCC_OPTIMIZATION_LEVEL = 0;
				GCC_PREPROCESSOR_DEFINITIONS = (
					"DEBUG=1",
					"$(inherited)",
				);
				GCC_WARN_64_TO_32_BIT_CONVERSION = YES;
				GCC_WARN_ABOUT_RETURN_TYPE = YES_ERROR;
				GCC_WARN_UNDECLARED_SELECTOR = YES;
				GCC_WARN_UNINITIALIZED_AUTOS = YES_AGGRESSIVE;
				GCC_WARN_UNUSED_FUNCTION = YES;
				GCC_WARN_UNUSED_VARIABLE = YES;
				MACOSX_DEPLOYMENT_TARGET = 10.12;
				MTL_ENABLE_DEBUG_INFO = YES;
				ONLY_ACTIVE_ARCH = YES;
				SDKROOT = macosx;
			};
			name = Debug;
		};
		8E2A799C1E598D4200B85F9E /* Release */ = {
			isa = XCBuildConfiguration;
			buildSettings = {
				ALWAYS_SEARCH_USER_PATHS = NO;
				CLANG_ANALYZER_NONNULL = YES;
				CLANG_CXX_LANGUAGE_STANDARD = "gnu++0x";
				CLANG_CXX_LIBRARY = "libc++";
				CLANG_ENABLE_MODULES = YES;
				CLANG_ENABLE_OBJC_ARC = YES;
				CLANG_WARN_BOOL_CONVERSION = YES;
				CLANG_WARN_CONSTANT_CONVERSION = YES;
				CLANG_WARN_DIRECT_OBJC_ISA_USAGE = YES_ERROR;
				CLANG_WARN_DOCUMENTATION_COMMENTS = YES;
				CLANG_WARN_EMPTY_BODY = YES;
				CLANG_WARN_ENUM_CONVERSION = YES;
				CLANG_WARN_INFINITE_RECURSION = YES;
				CLANG_WARN_INT_CONVERSION = YES;
				CLANG_WARN_OBJC_ROOT_CLASS = YES_ERROR;
				CLANG_WARN_SUSPICIOUS_MOVES = YES;
				CLANG_WARN_UNREACHABLE_CODE = YES;
				CLANG_WARN__DUPLICATE_METHOD_MATCH = YES;
				CODE_SIGN_IDENTITY = "-";
				COPY_PHASE_STRIP = NO;
				DEBUG_INFORMATION_FORMAT = "dwarf-with-dsym";
				ENABLE_NS_ASSERTIONS = NO;
				ENABLE_STRICT_OBJC_MSGSEND = YES;
				GCC_C_LANGUAGE_STANDARD = gnu99;
				GCC_NO_COMMON_BLOCKS = YES;
				GCC_WARN_64_TO_32_BIT_CONVERSION = YES;
				GCC_WARN_ABOUT_RETURN_TYPE = YES_ERROR;
				GCC_WARN_UNDECLARED_SELECTOR = YES;
				GCC_WARN_UNINITIALIZED_AUTOS = YES_AGGRESSIVE;
				GCC_WARN_UNUSED_FUNCTION = YES;
				GCC_WARN_UNUSED_VARIABLE = YES;
				MACOSX_DEPLOYMENT_TARGET = 10.12;
				MTL_ENABLE_DEBUG_INFO = NO;
				SDKROOT = macosx;
			};
			name = Release;
		};
		8E2A799E1E598D4200B85F9E /* Debug */ = {
			isa = XCBuildConfiguration;
			buildSettings = {
				PRODUCT_NAME = "$(TARGET_NAME)";
			};
			name = Debug;
		};
		8E2A799F1E598D4200B85F9E /* Release */ = {
			isa = XCBuildConfiguration;
			buildSettings = {
				PRODUCT_NAME = "$(TARGET_NAME)";
			};
			name = Release;
		};
/* End XCBuildConfiguration section */

/* Begin XCConfigurationList section */
		8E2A79911E598D4200B85F9E /* Build configuration list for PBXProject "DataStruct" */ = {
			isa = XCConfigurationList;
			buildConfigurations = (
				8E2A799B1E598D4200B85F9E /* Debug */,
				8E2A799C1E598D4200B85F9E /* Release */,
			);
			defaultConfigurationIsVisible = 0;
			defaultConfigurationName = Release;
		};
		8E2A799D1E598D4200B85F9E /* Build configuration list for PBXNativeTarget "DataStruct" */ = {
			isa = XCConfigurationList;
			buildConfigurations = (
				8E2A799E1E598D4200B85F9E /* Debug */,
				8E2A799F1E598D4200B85F9E /* Release */,
			);
			defaultConfigurationIsVisible = 0;
			defaultConfigurationName = Release;
		};
/* End XCConfigurationList section */
	};
	rootObject = 8E2A798E1E598D4200B85F9E /* Project object */;
}
